{
  "originHash" : "a0c4e7608e2e4140157e36e16949f42482fb261d650946c15c8b6bb380eca309",
  "pins" : [
    {
      "identity" : "swiftformat",
      "kind" : "remoteSourceControl",
      "location" : "https://github.com/nicklockwood/SwiftFormat.git",
      "state" : {
        "revision" : "aa34bc80ed4cd69af391c912741594901d57c010",
        "version" : "0.55.6"
      }
    }
  ],
  "version" : 3
}
