{
  "originHash" : "f98ebd8a0484fdc593465a5f052ac561f76968087c78069dd4ffb2979f2078cb",
  "pins" : [
    {
      "identity" : "swift-syntax",
      "kind" : "remoteSourceControl",
      "location" : "https://github.com/swiftlang/swift-syntax.git",
      "state" : {
        "revision" : "f99ae8aa18f0cf0d53481901f88a0991dc3bd4a2",
        "version" : "601.0.1"
      }
    },
    {
      "identity" : "swiftformat",
      "kind" : "remoteSourceControl",
      "location" : "https://github.com/nicklockwood/SwiftFormat.git",
      "state" : {
        "revision" : "aa34bc80ed4cd69af391c912741594901d57c010",
        "version" : "0.55.6"
      }
    }
  ],
  "version" : 3
}
